PODS:
  - AntBus (0.1.0):
    - AntBus/ForOC (= 0.1.0)
    - AntBus/ForSwift (= 0.1.0)
  - AntBus/ForOC (0.1.0)
  - AntBus/ForSwift (0.1.0)

DEPENDENCIES:
  - AntBus (from `AntBus`)

EXTERNAL SOURCES:
  AntBus:
    :path: AntBus

SPEC CHECKSUMS:
  AntBus: 5ef14a4ae86de9a7512bad0922b2d9e21089f8c4

PODFILE CHECKSUM: 4ece84791611706a9dfe20f949e81181c17cd104

COCOAPODS: 1.11.3
