// !$*UTF8*$!
{
	archiveVersion = 1;
	classes = {
	};
	objectVersion = 51;
	objects = {

/* Begin PBXBuildFile section */
		1A7EBD5037547FAD6E9092D0 /* Pods_AntBusDemo.framework in Frameworks */ = {isa = PBXBuildFile; fileRef = EFD7F1A3EE6EB0A40FF10F59 /* Pods_AntBusDemo.framework */; };
		633D4A7A25FA657A002967DB /* AppDelegate.swift in Sources */ = {isa = PBXBuildFile; fileRef = 633D4A7925FA657A002967DB /* AppDelegate.swift */; };
		633D4A7C25FA657A002967DB /* SceneDelegate.swift in Sources */ = {isa = PBXBuildFile; fileRef = 633D4A7B25FA657A002967DB /* SceneDelegate.swift */; };
		633D4A7E25FA657A002967DB /* ViewController.swift in Sources */ = {isa = PBXBuildFile; fileRef = 633D4A7D25FA657A002967DB /* ViewController.swift */; };
		633D4A8125FA657A002967DB /* Main.storyboard in Resources */ = {isa = PBXBuildFile; fileRef = 633D4A7F25FA657A002967DB /* Main.storyboard */; };
		633D4A8325FA657D002967DB /* Assets.xcassets in Resources */ = {isa = PBXBuildFile; fileRef = 633D4A8225FA657D002967DB /* Assets.xcassets */; };
		633D4A8625FA657D002967DB /* LaunchScreen.storyboard in Resources */ = {isa = PBXBuildFile; fileRef = 633D4A8425FA657D002967DB /* LaunchScreen.storyboard */; };
		633D4A9925FA659A002967DB /* Login.swift in Sources */ = {isa = PBXBuildFile; fileRef = 633D4A8F25FA659A002967DB /* Login.swift */; };
		633D4A9A25FA659A002967DB /* LoginAppDelegate.swift in Sources */ = {isa = PBXBuildFile; fileRef = 633D4A9025FA659A002967DB /* LoginAppDelegate.swift */; };
		633D4A9B25FA659A002967DB /* LoginViewController.xib in Resources */ = {isa = PBXBuildFile; fileRef = 633D4A9125FA659A002967DB /* LoginViewController.xib */; };
		633D4A9C25FA659A002967DB /* LoginViewController.swift in Sources */ = {isa = PBXBuildFile; fileRef = 633D4A9225FA659A002967DB /* LoginViewController.swift */; };
		633D4A9D25FA659A002967DB /* SecondPageViewController.swift in Sources */ = {isa = PBXBuildFile; fileRef = 633D4A9425FA659A002967DB /* SecondPageViewController.swift */; };
		633D4A9E25FA659A002967DB /* TabBarViewController.swift in Sources */ = {isa = PBXBuildFile; fileRef = 633D4A9625FA659A002967DB /* TabBarViewController.swift */; };
		633D4A9F25FA659A002967DB /* FirstPageViewController.swift in Sources */ = {isa = PBXBuildFile; fileRef = 633D4A9825FA659A002967DB /* FirstPageViewController.swift */; };
/* End PBXBuildFile section */

/* Begin PBXFileReference section */
		53AD38B7D0ADCE7B4030A40C /* Pods-AntBusDemo.debug.xcconfig */ = {isa = PBXFileReference; includeInIndex = 1; lastKnownFileType = text.xcconfig; name = "Pods-AntBusDemo.debug.xcconfig"; path = "Target Support Files/Pods-AntBusDemo/Pods-AntBusDemo.debug.xcconfig"; sourceTree = "<group>"; };
		633D4A7625FA657A002967DB /* AntBusDemo.app */ = {isa = PBXFileReference; explicitFileType = wrapper.application; includeInIndex = 0; path = AntBusDemo.app; sourceTree = BUILT_PRODUCTS_DIR; };
		633D4A7925FA657A002967DB /* AppDelegate.swift */ = {isa = PBXFileReference; lastKnownFileType = sourcecode.swift; path = AppDelegate.swift; sourceTree = "<group>"; };
		633D4A7B25FA657A002967DB /* SceneDelegate.swift */ = {isa = PBXFileReference; lastKnownFileType = sourcecode.swift; path = SceneDelegate.swift; sourceTree = "<group>"; };
		633D4A7D25FA657A002967DB /* ViewController.swift */ = {isa = PBXFileReference; lastKnownFileType = sourcecode.swift; path = ViewController.swift; sourceTree = "<group>"; };
		633D4A8025FA657A002967DB /* Base */ = {isa = PBXFileReference; lastKnownFileType = file.storyboard; name = Base; path = Base.lproj/Main.storyboard; sourceTree = "<group>"; };
		633D4A8225FA657D002967DB /* Assets.xcassets */ = {isa = PBXFileReference; lastKnownFileType = folder.assetcatalog; path = Assets.xcassets; sourceTree = "<group>"; };
		633D4A8525FA657D002967DB /* Base */ = {isa = PBXFileReference; lastKnownFileType = file.storyboard; name = Base; path = Base.lproj/LaunchScreen.storyboard; sourceTree = "<group>"; };
		633D4A8725FA657D002967DB /* Info.plist */ = {isa = PBXFileReference; lastKnownFileType = text.plist.xml; path = Info.plist; sourceTree = "<group>"; };
		633D4A8F25FA659A002967DB /* Login.swift */ = {isa = PBXFileReference; fileEncoding = 4; lastKnownFileType = sourcecode.swift; path = Login.swift; sourceTree = "<group>"; };
		633D4A9025FA659A002967DB /* LoginAppDelegate.swift */ = {isa = PBXFileReference; fileEncoding = 4; lastKnownFileType = sourcecode.swift; path = LoginAppDelegate.swift; sourceTree = "<group>"; };
		633D4A9125FA659A002967DB /* LoginViewController.xib */ = {isa = PBXFileReference; fileEncoding = 4; lastKnownFileType = file.xib; path = LoginViewController.xib; sourceTree = "<group>"; };
		633D4A9225FA659A002967DB /* LoginViewController.swift */ = {isa = PBXFileReference; fileEncoding = 4; lastKnownFileType = sourcecode.swift; path = LoginViewController.swift; sourceTree = "<group>"; };
		633D4A9425FA659A002967DB /* SecondPageViewController.swift */ = {isa = PBXFileReference; fileEncoding = 4; lastKnownFileType = sourcecode.swift; path = SecondPageViewController.swift; sourceTree = "<group>"; };
		633D4A9625FA659A002967DB /* TabBarViewController.swift */ = {isa = PBXFileReference; fileEncoding = 4; lastKnownFileType = sourcecode.swift; path = TabBarViewController.swift; sourceTree = "<group>"; };
		633D4A9825FA659A002967DB /* FirstPageViewController.swift */ = {isa = PBXFileReference; fileEncoding = 4; lastKnownFileType = sourcecode.swift; path = FirstPageViewController.swift; sourceTree = "<group>"; };
		CC8DC6849A78503D36F38B70 /* Pods-AntBusDemo.release.xcconfig */ = {isa = PBXFileReference; includeInIndex = 1; lastKnownFileType = text.xcconfig; name = "Pods-AntBusDemo.release.xcconfig"; path = "Target Support Files/Pods-AntBusDemo/Pods-AntBusDemo.release.xcconfig"; sourceTree = "<group>"; };
		EFD7F1A3EE6EB0A40FF10F59 /* Pods_AntBusDemo.framework */ = {isa = PBXFileReference; explicitFileType = wrapper.framework; includeInIndex = 0; path = Pods_AntBusDemo.framework; sourceTree = BUILT_PRODUCTS_DIR; };
/* End PBXFileReference section */

/* Begin PBXFrameworksBuildPhase section */
		633D4A7325FA657A002967DB /* Frameworks */ = {
			isa = PBXFrameworksBuildPhase;
			buildActionMask = 2147483647;
			files = (
				1A7EBD5037547FAD6E9092D0 /* Pods_AntBusDemo.framework in Frameworks */,
			);
			runOnlyForDeploymentPostprocessing = 0;
		};
/* End PBXFrameworksBuildPhase section */

/* Begin PBXGroup section */
		0ECC620F20DB2A2A52608E39 /* Frameworks */ = {
			isa = PBXGroup;
			children = (
				EFD7F1A3EE6EB0A40FF10F59 /* Pods_AntBusDemo.framework */,
			);
			name = Frameworks;
			sourceTree = "<group>";
		};
		633D4A6D25FA657A002967DB = {
			isa = PBXGroup;
			children = (
				633D4A7825FA657A002967DB /* AntBusDemo */,
				633D4A7725FA657A002967DB /* Products */,
				6DF18DCF75588A1519957D5C /* Pods */,
				0ECC620F20DB2A2A52608E39 /* Frameworks */,
			);
			sourceTree = "<group>";
		};
		633D4A7725FA657A002967DB /* Products */ = {
			isa = PBXGroup;
			children = (
				633D4A7625FA657A002967DB /* AntBusDemo.app */,
			);
			name = Products;
			sourceTree = "<group>";
		};
		633D4A7825FA657A002967DB /* AntBusDemo */ = {
			isa = PBXGroup;
			children = (
				633D4A9725FA659A002967DB /* FirstPage */,
				633D4A8E25FA659A002967DB /* Login */,
				633D4A9325FA659A002967DB /* SecondPage */,
				633D4A9525FA659A002967DB /* TabBar */,
				633D4A7925FA657A002967DB /* AppDelegate.swift */,
				633D4A7B25FA657A002967DB /* SceneDelegate.swift */,
				633D4A7D25FA657A002967DB /* ViewController.swift */,
				633D4A7F25FA657A002967DB /* Main.storyboard */,
				633D4A8225FA657D002967DB /* Assets.xcassets */,
				633D4A8425FA657D002967DB /* LaunchScreen.storyboard */,
				633D4A8725FA657D002967DB /* Info.plist */,
			);
			path = AntBusDemo;
			sourceTree = "<group>";
		};
		633D4A8E25FA659A002967DB /* Login */ = {
			isa = PBXGroup;
			children = (
				633D4A8F25FA659A002967DB /* Login.swift */,
				633D4A9025FA659A002967DB /* LoginAppDelegate.swift */,
				633D4A9125FA659A002967DB /* LoginViewController.xib */,
				633D4A9225FA659A002967DB /* LoginViewController.swift */,
			);
			path = Login;
			sourceTree = "<group>";
		};
		633D4A9325FA659A002967DB /* SecondPage */ = {
			isa = PBXGroup;
			children = (
				633D4A9425FA659A002967DB /* SecondPageViewController.swift */,
			);
			path = SecondPage;
			sourceTree = "<group>";
		};
		633D4A9525FA659A002967DB /* TabBar */ = {
			isa = PBXGroup;
			children = (
				633D4A9625FA659A002967DB /* TabBarViewController.swift */,
			);
			path = TabBar;
			sourceTree = "<group>";
		};
		633D4A9725FA659A002967DB /* FirstPage */ = {
			isa = PBXGroup;
			children = (
				633D4A9825FA659A002967DB /* FirstPageViewController.swift */,
			);
			path = FirstPage;
			sourceTree = "<group>";
		};
		6DF18DCF75588A1519957D5C /* Pods */ = {
			isa = PBXGroup;
			children = (
				53AD38B7D0ADCE7B4030A40C /* Pods-AntBusDemo.debug.xcconfig */,
				CC8DC6849A78503D36F38B70 /* Pods-AntBusDemo.release.xcconfig */,
			);
			path = Pods;
			sourceTree = "<group>";
		};
/* End PBXGroup section */

/* Begin PBXNativeTarget section */
		633D4A7525FA657A002967DB /* AntBusDemo */ = {
			isa = PBXNativeTarget;
			buildConfigurationList = 633D4A8A25FA657D002967DB /* Build configuration list for PBXNativeTarget "AntBusDemo" */;
			buildPhases = (
				8DE651463E2B5776C86A454A /* [CP] Check Pods Manifest.lock */,
				633D4A7225FA657A002967DB /* Sources */,
				633D4A7325FA657A002967DB /* Frameworks */,
				633D4A7425FA657A002967DB /* Resources */,
				8A002AC6BB27A0E06BCB686D /* [CP] Embed Pods Frameworks */,
			);
			buildRules = (
			);
			dependencies = (
			);
			name = AntBusDemo;
			productName = AntBusDemo;
			productReference = 633D4A7625FA657A002967DB /* AntBusDemo.app */;
			productType = "com.apple.product-type.application";
		};
/* End PBXNativeTarget section */

/* Begin PBXProject section */
		633D4A6E25FA657A002967DB /* Project object */ = {
			isa = PBXProject;
			attributes = {
				LastSwiftUpdateCheck = 1240;
				LastUpgradeCheck = 1240;
				TargetAttributes = {
					633D4A7525FA657A002967DB = {
						CreatedOnToolsVersion = 12.4;
					};
				};
			};
			buildConfigurationList = 633D4A7125FA657A002967DB /* Build configuration list for PBXProject "AntBusDemo" */;
			compatibilityVersion = "Xcode 9.3";
			developmentRegion = en;
			hasScannedForEncodings = 0;
			knownRegions = (
				en,
				Base,
			);
			mainGroup = 633D4A6D25FA657A002967DB;
			productRefGroup = 633D4A7725FA657A002967DB /* Products */;
			projectDirPath = "";
			projectRoot = "";
			targets = (
				633D4A7525FA657A002967DB /* AntBusDemo */,
			);
		};
/* End PBXProject section */

/* Begin PBXResourcesBuildPhase section */
		633D4A7425FA657A002967DB /* Resources */ = {
			isa = PBXResourcesBuildPhase;
			buildActionMask = 2147483647;
			files = (
				633D4A9B25FA659A002967DB /* LoginViewController.xib in Resources */,
				633D4A8625FA657D002967DB /* LaunchScreen.storyboard in Resources */,
				633D4A8325FA657D002967DB /* Assets.xcassets in Resources */,
				633D4A8125FA657A002967DB /* Main.storyboard in Resources */,
			);
			runOnlyForDeploymentPostprocessing = 0;
		};
/* End PBXResourcesBuildPhase section */

/* Begin PBXShellScriptBuildPhase section */
		8A002AC6BB27A0E06BCB686D /* [CP] Embed Pods Frameworks */ = {
			isa = PBXShellScriptBuildPhase;
			buildActionMask = 2147483647;
			files = (
			);
			inputFileListPaths = (
				"${PODS_ROOT}/Target Support Files/Pods-AntBusDemo/Pods-AntBusDemo-frameworks-${CONFIGURATION}-input-files.xcfilelist",
			);
			name = "[CP] Embed Pods Frameworks";
			outputFileListPaths = (
				"${PODS_ROOT}/Target Support Files/Pods-AntBusDemo/Pods-AntBusDemo-frameworks-${CONFIGURATION}-output-files.xcfilelist",
			);
			runOnlyForDeploymentPostprocessing = 0;
			shellPath = /bin/sh;
			shellScript = "\"${PODS_ROOT}/Target Support Files/Pods-AntBusDemo/Pods-AntBusDemo-frameworks.sh\"\n";
			showEnvVarsInLog = 0;
		};
		8DE651463E2B5776C86A454A /* [CP] Check Pods Manifest.lock */ = {
			isa = PBXShellScriptBuildPhase;
			buildActionMask = 2147483647;
			files = (
			);
			inputFileListPaths = (
			);
			inputPaths = (
				"${PODS_PODFILE_DIR_PATH}/Podfile.lock",
				"${PODS_ROOT}/Manifest.lock",
			);
			name = "[CP] Check Pods Manifest.lock";
			outputFileListPaths = (
			);
			outputPaths = (
				"$(DERIVED_FILE_DIR)/Pods-AntBusDemo-checkManifestLockResult.txt",
			);
			runOnlyForDeploymentPostprocessing = 0;
			shellPath = /bin/sh;
			shellScript = "diff \"${PODS_PODFILE_DIR_PATH}/Podfile.lock\" \"${PODS_ROOT}/Manifest.lock\" > /dev/null\nif [ $? != 0 ] ; then\n    # print error to STDERR\n    echo \"error: The sandbox is not in sync with the Podfile.lock. Run 'pod install' or update your CocoaPods installation.\" >&2\n    exit 1\nfi\n# This output is used by Xcode 'outputs' to avoid re-running this script phase.\necho \"SUCCESS\" > \"${SCRIPT_OUTPUT_FILE_0}\"\n";
			showEnvVarsInLog = 0;
		};
/* End PBXShellScriptBuildPhase section */

/* Begin PBXSourcesBuildPhase section */
		633D4A7225FA657A002967DB /* Sources */ = {
			isa = PBXSourcesBuildPhase;
			buildActionMask = 2147483647;
			files = (
				633D4A9E25FA659A002967DB /* TabBarViewController.swift in Sources */,
				633D4A9C25FA659A002967DB /* LoginViewController.swift in Sources */,
				633D4A7E25FA657A002967DB /* ViewController.swift in Sources */,
				633D4A7A25FA657A002967DB /* AppDelegate.swift in Sources */,
				633D4A7C25FA657A002967DB /* SceneDelegate.swift in Sources */,
				633D4A9D25FA659A002967DB /* SecondPageViewController.swift in Sources */,
				633D4A9F25FA659A002967DB /* FirstPageViewController.swift in Sources */,
				633D4A9A25FA659A002967DB /* LoginAppDelegate.swift in Sources */,
				633D4A9925FA659A002967DB /* Login.swift in Sources */,
			);
			runOnlyForDeploymentPostprocessing = 0;
		};
/* End PBXSourcesBuildPhase section */

/* Begin PBXVariantGroup section */
		633D4A7F25FA657A002967DB /* Main.storyboard */ = {
			isa = PBXVariantGroup;
			children = (
				633D4A8025FA657A002967DB /* Base */,
			);
			name = Main.storyboard;
			sourceTree = "<group>";
		};
		633D4A8425FA657D002967DB /* LaunchScreen.storyboard */ = {
			isa = PBXVariantGroup;
			children = (
				633D4A8525FA657D002967DB /* Base */,
			);
			name = LaunchScreen.storyboard;
			sourceTree = "<group>";
		};
/* End PBXVariantGroup section */

/* Begin XCBuildConfiguration section */
		633D4A8825FA657D002967DB /* Debug */ = {
			isa = XCBuildConfiguration;
			buildSettings = {
				ALWAYS_SEARCH_USER_PATHS = NO;
				CLANG_ANALYZER_NONNULL = YES;
				CLANG_ANALYZER_NUMBER_OBJECT_CONVERSION = YES_AGGRESSIVE;
				CLANG_CXX_LANGUAGE_STANDARD = "gnu++14";
				CLANG_CXX_LIBRARY = "libc++";
				CLANG_ENABLE_MODULES = YES;
				CLANG_ENABLE_OBJC_ARC = YES;
				CLANG_ENABLE_OBJC_WEAK = YES;
				CLANG_WARN_BLOCK_CAPTURE_AUTORELEASING = YES;
				CLANG_WARN_BOOL_CONVERSION = YES;
				CLANG_WARN_COMMA = YES;
				CLANG_WARN_CONSTANT_CONVERSION = YES;
				CLANG_WARN_DEPRECATED_OBJC_IMPLEMENTATIONS = YES;
				CLANG_WARN_DIRECT_OBJC_ISA_USAGE = YES_ERROR;
				CLANG_WARN_DOCUMENTATION_COMMENTS = YES;
				CLANG_WARN_EMPTY_BODY = YES;
				CLANG_WARN_ENUM_CONVERSION = YES;
				CLANG_WARN_INFINITE_RECURSION = YES;
				CLANG_WARN_INT_CONVERSION = YES;
				CLANG_WARN_NON_LITERAL_NULL_CONVERSION = YES;
				CLANG_WARN_OBJC_IMPLICIT_RETAIN_SELF = YES;
				CLANG_WARN_OBJC_LITERAL_CONVERSION = YES;
				CLANG_WARN_OBJC_ROOT_CLASS = YES_ERROR;
				CLANG_WARN_QUOTED_INCLUDE_IN_FRAMEWORK_HEADER = YES;
				CLANG_WARN_RANGE_LOOP_ANALYSIS = YES;
				CLANG_WARN_STRICT_PROTOTYPES = YES;
				CLANG_WARN_SUSPICIOUS_MOVE = YES;
				CLANG_WARN_UNGUARDED_AVAILABILITY = YES_AGGRESSIVE;
				CLANG_WARN_UNREACHABLE_CODE = YES;
				CLANG_WARN__DUPLICATE_METHOD_MATCH = YES;
				COPY_PHASE_STRIP = NO;
				DEBUG_INFORMATION_FORMAT = dwarf;
				ENABLE_STRICT_OBJC_MSGSEND = YES;
				ENABLE_TESTABILITY = YES;
				GCC_C_LANGUAGE_STANDARD = gnu11;
				GCC_DYNAMIC_NO_PIC = NO;
				GCC_NO_COMMON_BLOCKS = YES;
				GCC_OPTIMIZATION_LEVEL = 0;
				GCC_PREPROCESSOR_DEFINITIONS = (
					"DEBUG=1",
					"$(inherited)",
				);
				GCC_WARN_64_TO_32_BIT_CONVERSION = YES;
				GCC_WARN_ABOUT_RETURN_TYPE = YES_ERROR;
				GCC_WARN_UNDECLARED_SELECTOR = YES;
				GCC_WARN_UNINITIALIZED_AUTOS = YES_AGGRESSIVE;
				GCC_WARN_UNUSED_FUNCTION = YES;
				GCC_WARN_UNUSED_VARIABLE = YES;
				IPHONEOS_DEPLOYMENT_TARGET = 14.4;
				MTL_ENABLE_DEBUG_INFO = INCLUDE_SOURCE;
				MTL_FAST_MATH = YES;
				ONLY_ACTIVE_ARCH = YES;
				SDKROOT = iphoneos;
				SWIFT_ACTIVE_COMPILATION_CONDITIONS = DEBUG;
				SWIFT_OPTIMIZATION_LEVEL = "-Onone";
			};
			name = Debug;
		};
		633D4A8925FA657D002967DB /* Release */ = {
			isa = XCBuildConfiguration;
			buildSettings = {
				ALWAYS_SEARCH_USER_PATHS = NO;
				CLANG_ANALYZER_NONNULL = YES;
				CLANG_ANALYZER_NUMBER_OBJECT_CONVERSION = YES_AGGRESSIVE;
				CLANG_CXX_LANGUAGE_STANDARD = "gnu++14";
				CLANG_CXX_LIBRARY = "libc++";
				CLANG_ENABLE_MODULES = YES;
				CLANG_ENABLE_OBJC_ARC = YES;
				CLANG_ENABLE_OBJC_WEAK = YES;
				CLANG_WARN_BLOCK_CAPTURE_AUTORELEASING = YES;
				CLANG_WARN_BOOL_CONVERSION = YES;
				CLANG_WARN_COMMA = YES;
				CLANG_WARN_CONSTANT_CONVERSION = YES;
				CLANG_WARN_DEPRECATED_OBJC_IMPLEMENTATIONS = YES;
				CLANG_WARN_DIRECT_OBJC_ISA_USAGE = YES_ERROR;
				CLANG_WARN_DOCUMENTATION_COMMENTS = YES;
				CLANG_WARN_EMPTY_BODY = YES;
				CLANG_WARN_ENUM_CONVERSION = YES;
				CLANG_WARN_INFINITE_RECURSION = YES;
				CLANG_WARN_INT_CONVERSION = YES;
				CLANG_WARN_NON_LITERAL_NULL_CONVERSION = YES;
				CLANG_WARN_OBJC_IMPLICIT_RETAIN_SELF = YES;
				CLANG_WARN_OBJC_LITERAL_CONVERSION = YES;
				CLANG_WARN_OBJC_ROOT_CLASS = YES_ERROR;
				CLANG_WARN_QUOTED_INCLUDE_IN_FRAMEWORK_HEADER = YES;
				CLANG_WARN_RANGE_LOOP_ANALYSIS = YES;
				CLANG_WARN_STRICT_PROTOTYPES = YES;
				CLANG_WARN_SUSPICIOUS_MOVE = YES;
				CLANG_WARN_UNGUARDED_AVAILABILITY = YES_AGGRESSIVE;
				CLANG_WARN_UNREACHABLE_CODE = YES;
				CLANG_WARN__DUPLICATE_METHOD_MATCH = YES;
				COPY_PHASE_STRIP = NO;
				DEBUG_INFORMATION_FORMAT = "dwarf-with-dsym";
				ENABLE_NS_ASSERTIONS = NO;
				ENABLE_STRICT_OBJC_MSGSEND = YES;
				GCC_C_LANGUAGE_STANDARD = gnu11;
				GCC_NO_COMMON_BLOCKS = YES;
				GCC_WARN_64_TO_32_BIT_CONVERSION = YES;
				GCC_WARN_ABOUT_RETURN_TYPE = YES_ERROR;
				GCC_WARN_UNDECLARED_SELECTOR = YES;
				GCC_WARN_UNINITIALIZED_AUTOS = YES_AGGRESSIVE;
				GCC_WARN_UNUSED_FUNCTION = YES;
				GCC_WARN_UNUSED_VARIABLE = YES;
				IPHONEOS_DEPLOYMENT_TARGET = 14.4;
				MTL_ENABLE_DEBUG_INFO = NO;
				MTL_FAST_MATH = YES;
				SDKROOT = iphoneos;
				SWIFT_COMPILATION_MODE = wholemodule;
				SWIFT_OPTIMIZATION_LEVEL = "-O";
				VALIDATE_PRODUCT = YES;
			};
			name = Release;
		};
		633D4A8B25FA657D002967DB /* Debug */ = {
			isa = XCBuildConfiguration;
			baseConfigurationReference = 53AD38B7D0ADCE7B4030A40C /* Pods-AntBusDemo.debug.xcconfig */;
			buildSettings = {
				ASSETCATALOG_COMPILER_APPICON_NAME = AppIcon;
				ASSETCATALOG_COMPILER_GLOBAL_ACCENT_COLOR_NAME = AccentColor;
				CODE_SIGN_STYLE = Automatic;
				DEVELOPMENT_TEAM = X77K95YFU8;
				INFOPLIST_FILE = AntBusDemo/Info.plist;
				IPHONEOS_DEPLOYMENT_TARGET = 13.0;
				LD_RUNPATH_SEARCH_PATHS = (
					"$(inherited)",
					"@executable_path/Frameworks",
				);
				PRODUCT_BUNDLE_IDENTIFIER = com.brownlee.Demo.AntBusDemo;
				PRODUCT_NAME = "$(TARGET_NAME)";
				SWIFT_VERSION = 5.0;
				TARGETED_DEVICE_FAMILY = "1,2";
			};
			name = Debug;
		};
		633D4A8C25FA657D002967DB /* Release */ = {
			isa = XCBuildConfiguration;
			baseConfigurationReference = CC8DC6849A78503D36F38B70 /* Pods-AntBusDemo.release.xcconfig */;
			buildSettings = {
				ASSETCATALOG_COMPILER_APPICON_NAME = AppIcon;
				ASSETCATALOG_COMPILER_GLOBAL_ACCENT_COLOR_NAME = AccentColor;
				CODE_SIGN_STYLE = Automatic;
				DEVELOPMENT_TEAM = X77K95YFU8;
				INFOPLIST_FILE = AntBusDemo/Info.plist;
				IPHONEOS_DEPLOYMENT_TARGET = 13.0;
				LD_RUNPATH_SEARCH_PATHS = (
					"$(inherited)",
					"@executable_path/Frameworks",
				);
				PRODUCT_BUNDLE_IDENTIFIER = com.brownlee.Demo.AntBusDemo;
				PRODUCT_NAME = "$(TARGET_NAME)";
				SWIFT_VERSION = 5.0;
				TARGETED_DEVICE_FAMILY = "1,2";
			};
			name = Release;
		};
/* End XCBuildConfiguration section */

/* Begin XCConfigurationList section */
		633D4A7125FA657A002967DB /* Build configuration list for PBXProject "AntBusDemo" */ = {
			isa = XCConfigurationList;
			buildConfigurations = (
				633D4A8825FA657D002967DB /* Debug */,
				633D4A8925FA657D002967DB /* Release */,
			);
			defaultConfigurationIsVisible = 0;
			defaultConfigurationName = Release;
		};
		633D4A8A25FA657D002967DB /* Build configuration list for PBXNativeTarget "AntBusDemo" */ = {
			isa = XCConfigurationList;
			buildConfigurations = (
				633D4A8B25FA657D002967DB /* Debug */,
				633D4A8C25FA657D002967DB /* Release */,
			);
			defaultConfigurationIsVisible = 0;
			defaultConfigurationName = Release;
		};
/* End XCConfigurationList section */
	};
	rootObject = 633D4A6E25FA657A002967DB /* Project object */;
}
