// !$*UTF8*$!
{
	archiveVersion = 1;
	classes = {
	};
	objectVersion = 51;
	objects = {

/* Begin PBXBuildFile section */
		1823187126737AEE006E4800 /* antbus_demo_modules.plist in Resources */ = {isa = PBXBuildFile; fileRef = 1823187026737AEE006E4800 /* antbus_demo_modules.plist */; };
		184C8FF227652D9E00EF906A /* AntBusDemoUITests.swift in Sources */ = {isa = PBXBuildFile; fileRef = 184C8FF127652D9E00EF906A /* AntBusDemoUITests.swift */; };
		184C903C276530D500EF906A /* AntBusDemoTests.swift in Sources */ = {isa = PBXBuildFile; fileRef = 184C903B276530D500EF906A /* AntBusDemoTests.swift */; };
		1852C87D271BFB070041DC68 /* Page3_V1_Module.swift in Sources */ = {isa = PBXBuildFile; fileRef = 1852C87C271BFB070041DC68 /* Page3_V1_Module.swift */; };
		1852C87F271BFB490041DC68 /* Page3_V2_Module.swift in Sources */ = {isa = PBXBuildFile; fileRef = 1852C87E271BFB490041DC68 /* Page3_V2_Module.swift */; };
		1852C882271BFC220041DC68 /* IPage3Module.swift in Sources */ = {isa = PBXBuildFile; fileRef = 1852C881271BFC220041DC68 /* IPage3Module.swift */; };
		1852C885271BFE890041DC68 /* Page4Module.swift in Sources */ = {isa = PBXBuildFile; fileRef = 1852C884271BFE890041DC68 /* Page4Module.swift */; };
		1852C888271BFEF40041DC68 /* Page4ViewController.swift in Sources */ = {isa = PBXBuildFile; fileRef = 1852C886271BFEF40041DC68 /* Page4ViewController.swift */; };
		1852C889271BFEF40041DC68 /* Page4ViewController.xib in Resources */ = {isa = PBXBuildFile; fileRef = 1852C887271BFEF40041DC68 /* Page4ViewController.xib */; };
		1852C88C271C007B0041DC68 /* Page3V2ViewController.swift in Sources */ = {isa = PBXBuildFile; fileRef = 1852C88A271C007B0041DC68 /* Page3V2ViewController.swift */; };
		1852C88D271C007B0041DC68 /* Page3V2ViewController.xib in Resources */ = {isa = PBXBuildFile; fileRef = 1852C88B271C007B0041DC68 /* Page3V2ViewController.xib */; };
		1852C892271C009C0041DC68 /* Page3V1ViewController.swift in Sources */ = {isa = PBXBuildFile; fileRef = 1852C890271C009C0041DC68 /* Page3V1ViewController.swift */; };
		1852C893271C009C0041DC68 /* Page3V1ViewController.xib in Resources */ = {isa = PBXBuildFile; fileRef = 1852C891271C009C0041DC68 /* Page3V1ViewController.xib */; };
		1A7EBD5037547FAD6E9092D0 /* Pods_AntBusDemo.framework in Frameworks */ = {isa = PBXBuildFile; fileRef = EFD7F1A3EE6EB0A40FF10F59 /* Pods_AntBusDemo.framework */; };
		324C1DCAEBF9E63A58BFB5A9 /* Pods_AntBusDemoTests.framework in Frameworks */ = {isa = PBXBuildFile; fileRef = BB0AF9D87B6E679051D1F104 /* Pods_AntBusDemoTests.framework */; };
		411D6FB8415D2459FA1D3E47 /* Pods_AntBusDemo_AntBusDemoUITests.framework in Frameworks */ = {isa = PBXBuildFile; fileRef = B499F7EE3E6416344559CD79 /* Pods_AntBusDemo_AntBusDemoUITests.framework */; };
		633D4A7A25FA657A002967DB /* AppDelegate.swift in Sources */ = {isa = PBXBuildFile; fileRef = 633D4A7925FA657A002967DB /* AppDelegate.swift */; };
		633D4A7E25FA657A002967DB /* ViewController.swift in Sources */ = {isa = PBXBuildFile; fileRef = 633D4A7D25FA657A002967DB /* ViewController.swift */; };
		633D4A8125FA657A002967DB /* Main.storyboard in Resources */ = {isa = PBXBuildFile; fileRef = 633D4A7F25FA657A002967DB /* Main.storyboard */; };
		633D4A8325FA657D002967DB /* Assets.xcassets in Resources */ = {isa = PBXBuildFile; fileRef = 633D4A8225FA657D002967DB /* Assets.xcassets */; };
		633D4A8625FA657D002967DB /* LaunchScreen.storyboard in Resources */ = {isa = PBXBuildFile; fileRef = 633D4A8425FA657D002967DB /* LaunchScreen.storyboard */; };
		633D4A9D25FA659A002967DB /* SecondPageViewController.swift in Sources */ = {isa = PBXBuildFile; fileRef = 633D4A9425FA659A002967DB /* SecondPageViewController.swift */; };
		633D4A9E25FA659A002967DB /* TabBarViewController.swift in Sources */ = {isa = PBXBuildFile; fileRef = 633D4A9625FA659A002967DB /* TabBarViewController.swift */; };
		633D4A9F25FA659A002967DB /* FirstPageViewController.swift in Sources */ = {isa = PBXBuildFile; fileRef = 633D4A9825FA659A002967DB /* FirstPageViewController.swift */; };
/* End PBXBuildFile section */

/* Begin PBXContainerItemProxy section */
		184C8FF427652D9E00EF906A /* PBXContainerItemProxy */ = {
			isa = PBXContainerItemProxy;
			containerPortal = 633D4A6E25FA657A002967DB /* Project object */;
			proxyType = 1;
			remoteGlobalIDString = 633D4A7525FA657A002967DB;
			remoteInfo = AntBusDemo;
		};
		184C903E276530D500EF906A /* PBXContainerItemProxy */ = {
			isa = PBXContainerItemProxy;
			containerPortal = 633D4A6E25FA657A002967DB /* Project object */;
			proxyType = 1;
			remoteGlobalIDString = 633D4A7525FA657A002967DB;
			remoteInfo = AntBusDemo;
		};
/* End PBXContainerItemProxy section */

/* Begin PBXFileReference section */
		1823187026737AEE006E4800 /* antbus_demo_modules.plist */ = {isa = PBXFileReference; fileEncoding = 4; lastKnownFileType = text.plist.xml; path = antbus_demo_modules.plist; sourceTree = "<group>"; };
		184C8FEF27652D9D00EF906A /* AntBusDemoUITests.xctest */ = {isa = PBXFileReference; explicitFileType = wrapper.cfbundle; includeInIndex = 0; path = AntBusDemoUITests.xctest; sourceTree = BUILT_PRODUCTS_DIR; };
		184C8FF127652D9E00EF906A /* AntBusDemoUITests.swift */ = {isa = PBXFileReference; lastKnownFileType = sourcecode.swift; path = AntBusDemoUITests.swift; sourceTree = "<group>"; };
		184C8FF327652D9E00EF906A /* Info.plist */ = {isa = PBXFileReference; lastKnownFileType = text.plist.xml; path = Info.plist; sourceTree = "<group>"; };
		184C9039276530D500EF906A /* AntBusDemoTests.xctest */ = {isa = PBXFileReference; explicitFileType = wrapper.cfbundle; includeInIndex = 0; path = AntBusDemoTests.xctest; sourceTree = BUILT_PRODUCTS_DIR; };
		184C903B276530D500EF906A /* AntBusDemoTests.swift */ = {isa = PBXFileReference; lastKnownFileType = sourcecode.swift; path = AntBusDemoTests.swift; sourceTree = "<group>"; };
		184C903D276530D500EF906A /* Info.plist */ = {isa = PBXFileReference; lastKnownFileType = text.plist.xml; path = Info.plist; sourceTree = "<group>"; };
		1852C87C271BFB070041DC68 /* Page3_V1_Module.swift */ = {isa = PBXFileReference; lastKnownFileType = sourcecode.swift; path = Page3_V1_Module.swift; sourceTree = "<group>"; };
		1852C87E271BFB490041DC68 /* Page3_V2_Module.swift */ = {isa = PBXFileReference; lastKnownFileType = sourcecode.swift; path = Page3_V2_Module.swift; sourceTree = "<group>"; };
		1852C881271BFC220041DC68 /* IPage3Module.swift */ = {isa = PBXFileReference; lastKnownFileType = sourcecode.swift; path = IPage3Module.swift; sourceTree = "<group>"; };
		1852C884271BFE890041DC68 /* Page4Module.swift */ = {isa = PBXFileReference; lastKnownFileType = sourcecode.swift; path = Page4Module.swift; sourceTree = "<group>"; };
		1852C886271BFEF40041DC68 /* Page4ViewController.swift */ = {isa = PBXFileReference; lastKnownFileType = sourcecode.swift; path = Page4ViewController.swift; sourceTree = "<group>"; };
		1852C887271BFEF40041DC68 /* Page4ViewController.xib */ = {isa = PBXFileReference; lastKnownFileType = file.xib; path = Page4ViewController.xib; sourceTree = "<group>"; };
		1852C88A271C007B0041DC68 /* Page3V2ViewController.swift */ = {isa = PBXFileReference; lastKnownFileType = sourcecode.swift; path = Page3V2ViewController.swift; sourceTree = "<group>"; };
		1852C88B271C007B0041DC68 /* Page3V2ViewController.xib */ = {isa = PBXFileReference; lastKnownFileType = file.xib; path = Page3V2ViewController.xib; sourceTree = "<group>"; };
		1852C890271C009C0041DC68 /* Page3V1ViewController.swift */ = {isa = PBXFileReference; lastKnownFileType = sourcecode.swift; path = Page3V1ViewController.swift; sourceTree = "<group>"; };
		1852C891271C009C0041DC68 /* Page3V1ViewController.xib */ = {isa = PBXFileReference; lastKnownFileType = file.xib; path = Page3V1ViewController.xib; sourceTree = "<group>"; };
		53AD38B7D0ADCE7B4030A40C /* Pods-AntBusDemo.debug.xcconfig */ = {isa = PBXFileReference; includeInIndex = 1; lastKnownFileType = text.xcconfig; name = "Pods-AntBusDemo.debug.xcconfig"; path = "Target Support Files/Pods-AntBusDemo/Pods-AntBusDemo.debug.xcconfig"; sourceTree = "<group>"; };
		633D4A7625FA657A002967DB /* AntBusDemo.app */ = {isa = PBXFileReference; explicitFileType = wrapper.application; includeInIndex = 0; path = AntBusDemo.app; sourceTree = BUILT_PRODUCTS_DIR; };
		633D4A7925FA657A002967DB /* AppDelegate.swift */ = {isa = PBXFileReference; lastKnownFileType = sourcecode.swift; path = AppDelegate.swift; sourceTree = "<group>"; };
		633D4A7D25FA657A002967DB /* ViewController.swift */ = {isa = PBXFileReference; lastKnownFileType = sourcecode.swift; path = ViewController.swift; sourceTree = "<group>"; };
		633D4A8025FA657A002967DB /* Base */ = {isa = PBXFileReference; lastKnownFileType = file.storyboard; name = Base; path = Base.lproj/Main.storyboard; sourceTree = "<group>"; };
		633D4A8225FA657D002967DB /* Assets.xcassets */ = {isa = PBXFileReference; lastKnownFileType = folder.assetcatalog; path = Assets.xcassets; sourceTree = "<group>"; };
		633D4A8525FA657D002967DB /* Base */ = {isa = PBXFileReference; lastKnownFileType = file.storyboard; name = Base; path = Base.lproj/LaunchScreen.storyboard; sourceTree = "<group>"; };
		633D4A8725FA657D002967DB /* Info.plist */ = {isa = PBXFileReference; lastKnownFileType = text.plist.xml; path = Info.plist; sourceTree = "<group>"; };
		633D4A9425FA659A002967DB /* SecondPageViewController.swift */ = {isa = PBXFileReference; fileEncoding = 4; lastKnownFileType = sourcecode.swift; path = SecondPageViewController.swift; sourceTree = "<group>"; };
		633D4A9625FA659A002967DB /* TabBarViewController.swift */ = {isa = PBXFileReference; fileEncoding = 4; lastKnownFileType = sourcecode.swift; path = TabBarViewController.swift; sourceTree = "<group>"; };
		633D4A9825FA659A002967DB /* FirstPageViewController.swift */ = {isa = PBXFileReference; fileEncoding = 4; lastKnownFileType = sourcecode.swift; path = FirstPageViewController.swift; sourceTree = "<group>"; };
		680AA6989FA887E169D0315F /* Pods-AntBusDemoTests.debug.xcconfig */ = {isa = PBXFileReference; includeInIndex = 1; lastKnownFileType = text.xcconfig; name = "Pods-AntBusDemoTests.debug.xcconfig"; path = "Target Support Files/Pods-AntBusDemoTests/Pods-AntBusDemoTests.debug.xcconfig"; sourceTree = "<group>"; };
		B499F7EE3E6416344559CD79 /* Pods_AntBusDemo_AntBusDemoUITests.framework */ = {isa = PBXFileReference; explicitFileType = wrapper.framework; includeInIndex = 0; path = Pods_AntBusDemo_AntBusDemoUITests.framework; sourceTree = BUILT_PRODUCTS_DIR; };
		BB0AF9D87B6E679051D1F104 /* Pods_AntBusDemoTests.framework */ = {isa = PBXFileReference; explicitFileType = wrapper.framework; includeInIndex = 0; path = Pods_AntBusDemoTests.framework; sourceTree = BUILT_PRODUCTS_DIR; };
		C94371B8D866A487EA7A1F08 /* Pods-AntBusDemo-AntBusDemoUITests.release.xcconfig */ = {isa = PBXFileReference; includeInIndex = 1; lastKnownFileType = text.xcconfig; name = "Pods-AntBusDemo-AntBusDemoUITests.release.xcconfig"; path = "Target Support Files/Pods-AntBusDemo-AntBusDemoUITests/Pods-AntBusDemo-AntBusDemoUITests.release.xcconfig"; sourceTree = "<group>"; };
		CC8DC6849A78503D36F38B70 /* Pods-AntBusDemo.release.xcconfig */ = {isa = PBXFileReference; includeInIndex = 1; lastKnownFileType = text.xcconfig; name = "Pods-AntBusDemo.release.xcconfig"; path = "Target Support Files/Pods-AntBusDemo/Pods-AntBusDemo.release.xcconfig"; sourceTree = "<group>"; };
		DFF52F49FB3C3B17F0A71423 /* Pods-AntBusDemoTests.release.xcconfig */ = {isa = PBXFileReference; includeInIndex = 1; lastKnownFileType = text.xcconfig; name = "Pods-AntBusDemoTests.release.xcconfig"; path = "Target Support Files/Pods-AntBusDemoTests/Pods-AntBusDemoTests.release.xcconfig"; sourceTree = "<group>"; };
		E45912BABEA2743921F8DF3D /* Pods-AntBusDemo-AntBusDemoUITests.debug.xcconfig */ = {isa = PBXFileReference; includeInIndex = 1; lastKnownFileType = text.xcconfig; name = "Pods-AntBusDemo-AntBusDemoUITests.debug.xcconfig"; path = "Target Support Files/Pods-AntBusDemo-AntBusDemoUITests/Pods-AntBusDemo-AntBusDemoUITests.debug.xcconfig"; sourceTree = "<group>"; };
		EFD7F1A3EE6EB0A40FF10F59 /* Pods_AntBusDemo.framework */ = {isa = PBXFileReference; explicitFileType = wrapper.framework; includeInIndex = 0; path = Pods_AntBusDemo.framework; sourceTree = BUILT_PRODUCTS_DIR; };
/* End PBXFileReference section */

/* Begin PBXFrameworksBuildPhase section */
		184C8FEC27652D9D00EF906A /* Frameworks */ = {
			isa = PBXFrameworksBuildPhase;
			buildActionMask = 2147483647;
			files = (
				411D6FB8415D2459FA1D3E47 /* Pods_AntBusDemo_AntBusDemoUITests.framework in Frameworks */,
			);
			runOnlyForDeploymentPostprocessing = 0;
		};
		184C9036276530D500EF906A /* Frameworks */ = {
			isa = PBXFrameworksBuildPhase;
			buildActionMask = 2147483647;
			files = (
				324C1DCAEBF9E63A58BFB5A9 /* Pods_AntBusDemoTests.framework in Frameworks */,
			);
			runOnlyForDeploymentPostprocessing = 0;
		};
		633D4A7325FA657A002967DB /* Frameworks */ = {
			isa = PBXFrameworksBuildPhase;
			buildActionMask = 2147483647;
			files = (
				1A7EBD5037547FAD6E9092D0 /* Pods_AntBusDemo.framework in Frameworks */,
			);
			runOnlyForDeploymentPostprocessing = 0;
		};
/* End PBXFrameworksBuildPhase section */

/* Begin PBXGroup section */
		0ECC620F20DB2A2A52608E39 /* Frameworks */ = {
			isa = PBXGroup;
			children = (
				EFD7F1A3EE6EB0A40FF10F59 /* Pods_AntBusDemo.framework */,
				B499F7EE3E6416344559CD79 /* Pods_AntBusDemo_AntBusDemoUITests.framework */,
				BB0AF9D87B6E679051D1F104 /* Pods_AntBusDemoTests.framework */,
			);
			name = Frameworks;
			sourceTree = "<group>";
		};
		184C8FF027652D9E00EF906A /* AntBusDemoUITests */ = {
			isa = PBXGroup;
			children = (
				184C8FF127652D9E00EF906A /* AntBusDemoUITests.swift */,
				184C8FF327652D9E00EF906A /* Info.plist */,
			);
			path = AntBusDemoUITests;
			sourceTree = "<group>";
		};
		184C903A276530D500EF906A /* AntBusDemoTests */ = {
			isa = PBXGroup;
			children = (
				184C903B276530D500EF906A /* AntBusDemoTests.swift */,
				184C903D276530D500EF906A /* Info.plist */,
			);
			path = AntBusDemoTests;
			sourceTree = "<group>";
		};
		1852C87A271BFAB90041DC68 /* Page3_V1 */ = {
			isa = PBXGroup;
			children = (
				1852C87C271BFB070041DC68 /* Page3_V1_Module.swift */,
				1852C890271C009C0041DC68 /* Page3V1ViewController.swift */,
				1852C891271C009C0041DC68 /* Page3V1ViewController.xib */,
			);
			path = Page3_V1;
			sourceTree = "<group>";
		};
		1852C87B271BFACD0041DC68 /* Page3_V2 */ = {
			isa = PBXGroup;
			children = (
				1852C87E271BFB490041DC68 /* Page3_V2_Module.swift */,
				1852C88A271C007B0041DC68 /* Page3V2ViewController.swift */,
				1852C88B271C007B0041DC68 /* Page3V2ViewController.xib */,
			);
			path = Page3_V2;
			sourceTree = "<group>";
		};
		1852C880271BFC0B0041DC68 /* Page3 */ = {
			isa = PBXGroup;
			children = (
				1852C87B271BFACD0041DC68 /* Page3_V2 */,
				1852C87A271BFAB90041DC68 /* Page3_V1 */,
				1852C881271BFC220041DC68 /* IPage3Module.swift */,
			);
			path = Page3;
			sourceTree = "<group>";
		};
		1852C883271BFE780041DC68 /* Page4 */ = {
			isa = PBXGroup;
			children = (
				1852C884271BFE890041DC68 /* Page4Module.swift */,
				1852C886271BFEF40041DC68 /* Page4ViewController.swift */,
				1852C887271BFEF40041DC68 /* Page4ViewController.xib */,
			);
			path = Page4;
			sourceTree = "<group>";
		};
		633D4A6D25FA657A002967DB = {
			isa = PBXGroup;
			children = (
				633D4A7825FA657A002967DB /* AntBusDemo */,
				6DF18DCF75588A1519957D5C /* Pods */,
				184C8FF027652D9E00EF906A /* AntBusDemoUITests */,
				184C903A276530D500EF906A /* AntBusDemoTests */,
				0ECC620F20DB2A2A52608E39 /* Frameworks */,
			);
			sourceTree = "<group>";
		};
		633D4A7725FA657A002967DB /* Products */ = {
			isa = PBXGroup;
			children = (
				633D4A7625FA657A002967DB /* AntBusDemo.app */,
				184C8FEF27652D9D00EF906A /* AntBusDemoUITests.xctest */,
				184C9039276530D500EF906A /* AntBusDemoTests.xctest */,
			);
			name = Products;
			path = ..;
			sourceTree = "<group>";
		};
		633D4A7825FA657A002967DB /* AntBusDemo */ = {
			isa = PBXGroup;
			children = (
				633D4A7725FA657A002967DB /* Products */,
				1852C883271BFE780041DC68 /* Page4 */,
				1852C880271BFC0B0041DC68 /* Page3 */,
				633D4A9725FA659A002967DB /* FirstPage */,
				633D4A9325FA659A002967DB /* SecondPage */,
				633D4A9525FA659A002967DB /* TabBar */,
				633D4A7925FA657A002967DB /* AppDelegate.swift */,
				633D4A7D25FA657A002967DB /* ViewController.swift */,
				1823187026737AEE006E4800 /* antbus_demo_modules.plist */,
				633D4A7F25FA657A002967DB /* Main.storyboard */,
				633D4A8225FA657D002967DB /* Assets.xcassets */,
				633D4A8425FA657D002967DB /* LaunchScreen.storyboard */,
				633D4A8725FA657D002967DB /* Info.plist */,
			);
			path = AntBusDemo;
			sourceTree = "<group>";
		};
		633D4A9325FA659A002967DB /* SecondPage */ = {
			isa = PBXGroup;
			children = (
				633D4A9425FA659A002967DB /* SecondPageViewController.swift */,
			);
			path = SecondPage;
			sourceTree = "<group>";
		};
		633D4A9525FA659A002967DB /* TabBar */ = {
			isa = PBXGroup;
			children = (
				633D4A9625FA659A002967DB /* TabBarViewController.swift */,
			);
			path = TabBar;
			sourceTree = "<group>";
		};
		633D4A9725FA659A002967DB /* FirstPage */ = {
			isa = PBXGroup;
			children = (
				633D4A9825FA659A002967DB /* FirstPageViewController.swift */,
			);
			path = FirstPage;
			sourceTree = "<group>";
		};
		6DF18DCF75588A1519957D5C /* Pods */ = {
			isa = PBXGroup;
			children = (
				53AD38B7D0ADCE7B4030A40C /* Pods-AntBusDemo.debug.xcconfig */,
				CC8DC6849A78503D36F38B70 /* Pods-AntBusDemo.release.xcconfig */,
				E45912BABEA2743921F8DF3D /* Pods-AntBusDemo-AntBusDemoUITests.debug.xcconfig */,
				C94371B8D866A487EA7A1F08 /* Pods-AntBusDemo-AntBusDemoUITests.release.xcconfig */,
				680AA6989FA887E169D0315F /* Pods-AntBusDemoTests.debug.xcconfig */,
				DFF52F49FB3C3B17F0A71423 /* Pods-AntBusDemoTests.release.xcconfig */,
			);
			path = Pods;
			sourceTree = "<group>";
		};
/* End PBXGroup section */

/* Begin PBXNativeTarget section */
		184C8FEE27652D9D00EF906A /* AntBusDemoUITests */ = {
			isa = PBXNativeTarget;
			buildConfigurationList = 184C8FF827652D9E00EF906A /* Build configuration list for PBXNativeTarget "AntBusDemoUITests" */;
			buildPhases = (
				5D0A0855B1FAFD1E84E3D3C4 /* [CP] Check Pods Manifest.lock */,
				184C8FEB27652D9D00EF906A /* Sources */,
				184C8FEC27652D9D00EF906A /* Frameworks */,
				184C8FED27652D9D00EF906A /* Resources */,
				DDA85F753963E63176B87F71 /* [CP] Embed Pods Frameworks */,
			);
			buildRules = (
			);
			dependencies = (
				184C8FF527652D9E00EF906A /* PBXTargetDependency */,
			);
			name = AntBusDemoUITests;
			productName = AntBusDemoUITests;
			productReference = 184C8FEF27652D9D00EF906A /* AntBusDemoUITests.xctest */;
			productType = "com.apple.product-type.bundle.ui-testing";
		};
		184C9038276530D500EF906A /* AntBusDemoTests */ = {
			isa = PBXNativeTarget;
			buildConfigurationList = 184C9040276530D500EF906A /* Build configuration list for PBXNativeTarget "AntBusDemoTests" */;
			buildPhases = (
				FD334BA0E81563B85E830133 /* [CP] Check Pods Manifest.lock */,
				184C9035276530D500EF906A /* Sources */,
				184C9036276530D500EF906A /* Frameworks */,
				184C9037276530D500EF906A /* Resources */,
				613878636C48DF2BF91B046E /* [CP] Embed Pods Frameworks */,
			);
			buildRules = (
			);
			dependencies = (
				184C903F276530D500EF906A /* PBXTargetDependency */,
			);
			name = AntBusDemoTests;
			productName = AntBusDemoTests;
			productReference = 184C9039276530D500EF906A /* AntBusDemoTests.xctest */;
			productType = "com.apple.product-type.bundle.unit-test";
		};
		633D4A7525FA657A002967DB /* AntBusDemo */ = {
			isa = PBXNativeTarget;
			buildConfigurationList = 633D4A8A25FA657D002967DB /* Build configuration list for PBXNativeTarget "AntBusDemo" */;
			buildPhases = (
				8DE651463E2B5776C86A454A /* [CP] Check Pods Manifest.lock */,
				633D4A7225FA657A002967DB /* Sources */,
				633D4A7325FA657A002967DB /* Frameworks */,
				633D4A7425FA657A002967DB /* Resources */,
				8A002AC6BB27A0E06BCB686D /* [CP] Embed Pods Frameworks */,
			);
			buildRules = (
			);
			dependencies = (
			);
			name = AntBusDemo;
			productName = AntBusDemo;
			productReference = 633D4A7625FA657A002967DB /* AntBusDemo.app */;
			productType = "com.apple.product-type.application";
		};
/* End PBXNativeTarget section */

/* Begin PBXProject section */
		633D4A6E25FA657A002967DB /* Project object */ = {
			isa = PBXProject;
			attributes = {
				LastSwiftUpdateCheck = 1250;
				LastUpgradeCheck = 1240;
				TargetAttributes = {
					184C8FEE27652D9D00EF906A = {
						CreatedOnToolsVersion = 12.5;
						TestTargetID = 633D4A7525FA657A002967DB;
					};
					184C9038276530D500EF906A = {
						CreatedOnToolsVersion = 12.5;
						TestTargetID = 633D4A7525FA657A002967DB;
					};
					633D4A7525FA657A002967DB = {
						CreatedOnToolsVersion = 12.4;
					};
				};
			};
			buildConfigurationList = 633D4A7125FA657A002967DB /* Build configuration list for PBXProject "AntBusDemo" */;
			compatibilityVersion = "Xcode 9.3";
			developmentRegion = en;
			hasScannedForEncodings = 0;
			knownRegions = (
				en,
				Base,
			);
			mainGroup = 633D4A6D25FA657A002967DB;
			productRefGroup = 633D4A7725FA657A002967DB /* Products */;
			projectDirPath = "";
			projectRoot = "";
			targets = (
				633D4A7525FA657A002967DB /* AntBusDemo */,
				184C8FEE27652D9D00EF906A /* AntBusDemoUITests */,
				184C9038276530D500EF906A /* AntBusDemoTests */,
			);
		};
/* End PBXProject section */

/* Begin PBXResourcesBuildPhase section */
		184C8FED27652D9D00EF906A /* Resources */ = {
			isa = PBXResourcesBuildPhase;
			buildActionMask = 2147483647;
			files = (
			);
			runOnlyForDeploymentPostprocessing = 0;
		};
		184C9037276530D500EF906A /* Resources */ = {
			isa = PBXResourcesBuildPhase;
			buildActionMask = 2147483647;
			files = (
			);
			runOnlyForDeploymentPostprocessing = 0;
		};
		633D4A7425FA657A002967DB /* Resources */ = {
			isa = PBXResourcesBuildPhase;
			buildActionMask = 2147483647;
			files = (
				1852C893271C009C0041DC68 /* Page3V1ViewController.xib in Resources */,
				1852C889271BFEF40041DC68 /* Page4ViewController.xib in Resources */,
				1823187126737AEE006E4800 /* antbus_demo_modules.plist in Resources */,
				633D4A8625FA657D002967DB /* LaunchScreen.storyboard in Resources */,
				1852C88D271C007B0041DC68 /* Page3V2ViewController.xib in Resources */,
				633D4A8325FA657D002967DB /* Assets.xcassets in Resources */,
				633D4A8125FA657A002967DB /* Main.storyboard in Resources */,
			);
			runOnlyForDeploymentPostprocessing = 0;
		};
/* End PBXResourcesBuildPhase section */

/* Begin PBXShellScriptBuildPhase section */
		5D0A0855B1FAFD1E84E3D3C4 /* [CP] Check Pods Manifest.lock */ = {
			isa = PBXShellScriptBuildPhase;
			buildActionMask = 2147483647;
			files = (
			);
			inputFileListPaths = (
			);
			inputPaths = (
				"${PODS_PODFILE_DIR_PATH}/Podfile.lock",
				"${PODS_ROOT}/Manifest.lock",
			);
			name = "[CP] Check Pods Manifest.lock";
			outputFileListPaths = (
			);
			outputPaths = (
				"$(DERIVED_FILE_DIR)/Pods-AntBusDemo-AntBusDemoUITests-checkManifestLockResult.txt",
			);
			runOnlyForDeploymentPostprocessing = 0;
			shellPath = /bin/sh;
			shellScript = "diff \"${PODS_PODFILE_DIR_PATH}/Podfile.lock\" \"${PODS_ROOT}/Manifest.lock\" > /dev/null\nif [ $? != 0 ] ; then\n    # print error to STDERR\n    echo \"error: The sandbox is not in sync with the Podfile.lock. Run 'pod install' or update your CocoaPods installation.\" >&2\n    exit 1\nfi\n# This output is used by Xcode 'outputs' to avoid re-running this script phase.\necho \"SUCCESS\" > \"${SCRIPT_OUTPUT_FILE_0}\"\n";
			showEnvVarsInLog = 0;
		};
		613878636C48DF2BF91B046E /* [CP] Embed Pods Frameworks */ = {
			isa = PBXShellScriptBuildPhase;
			buildActionMask = 2147483647;
			files = (
			);
			inputFileListPaths = (
				"${PODS_ROOT}/Target Support Files/Pods-AntBusDemoTests/Pods-AntBusDemoTests-frameworks-${CONFIGURATION}-input-files.xcfilelist",
			);
			name = "[CP] Embed Pods Frameworks";
			outputFileListPaths = (
				"${PODS_ROOT}/Target Support Files/Pods-AntBusDemoTests/Pods-AntBusDemoTests-frameworks-${CONFIGURATION}-output-files.xcfilelist",
			);
			runOnlyForDeploymentPostprocessing = 0;
			shellPath = /bin/sh;
			shellScript = "\"${PODS_ROOT}/Target Support Files/Pods-AntBusDemoTests/Pods-AntBusDemoTests-frameworks.sh\"\n";
			showEnvVarsInLog = 0;
		};
		8A002AC6BB27A0E06BCB686D /* [CP] Embed Pods Frameworks */ = {
			isa = PBXShellScriptBuildPhase;
			buildActionMask = 2147483647;
			files = (
			);
			inputFileListPaths = (
				"${PODS_ROOT}/Target Support Files/Pods-AntBusDemo/Pods-AntBusDemo-frameworks-${CONFIGURATION}-input-files.xcfilelist",
			);
			name = "[CP] Embed Pods Frameworks";
			outputFileListPaths = (
				"${PODS_ROOT}/Target Support Files/Pods-AntBusDemo/Pods-AntBusDemo-frameworks-${CONFIGURATION}-output-files.xcfilelist",
			);
			runOnlyForDeploymentPostprocessing = 0;
			shellPath = /bin/sh;
			shellScript = "\"${PODS_ROOT}/Target Support Files/Pods-AntBusDemo/Pods-AntBusDemo-frameworks.sh\"\n";
			showEnvVarsInLog = 0;
		};
		8DE651463E2B5776C86A454A /* [CP] Check Pods Manifest.lock */ = {
			isa = PBXShellScriptBuildPhase;
			buildActionMask = 2147483647;
			files = (
			);
			inputFileListPaths = (
			);
			inputPaths = (
				"${PODS_PODFILE_DIR_PATH}/Podfile.lock",
				"${PODS_ROOT}/Manifest.lock",
			);
			name = "[CP] Check Pods Manifest.lock";
			outputFileListPaths = (
			);
			outputPaths = (
				"$(DERIVED_FILE_DIR)/Pods-AntBusDemo-checkManifestLockResult.txt",
			);
			runOnlyForDeploymentPostprocessing = 0;
			shellPath = /bin/sh;
			shellScript = "diff \"${PODS_PODFILE_DIR_PATH}/Podfile.lock\" \"${PODS_ROOT}/Manifest.lock\" > /dev/null\nif [ $? != 0 ] ; then\n    # print error to STDERR\n    echo \"error: The sandbox is not in sync with the Podfile.lock. Run 'pod install' or update your CocoaPods installation.\" >&2\n    exit 1\nfi\n# This output is used by Xcode 'outputs' to avoid re-running this script phase.\necho \"SUCCESS\" > \"${SCRIPT_OUTPUT_FILE_0}\"\n";
			showEnvVarsInLog = 0;
		};
		DDA85F753963E63176B87F71 /* [CP] Embed Pods Frameworks */ = {
			isa = PBXShellScriptBuildPhase;
			buildActionMask = 2147483647;
			files = (
			);
			inputFileListPaths = (
				"${PODS_ROOT}/Target Support Files/Pods-AntBusDemo-AntBusDemoUITests/Pods-AntBusDemo-AntBusDemoUITests-frameworks-${CONFIGURATION}-input-files.xcfilelist",
			);
			name = "[CP] Embed Pods Frameworks";
			outputFileListPaths = (
				"${PODS_ROOT}/Target Support Files/Pods-AntBusDemo-AntBusDemoUITests/Pods-AntBusDemo-AntBusDemoUITests-frameworks-${CONFIGURATION}-output-files.xcfilelist",
			);
			runOnlyForDeploymentPostprocessing = 0;
			shellPath = /bin/sh;
			shellScript = "\"${PODS_ROOT}/Target Support Files/Pods-AntBusDemo-AntBusDemoUITests/Pods-AntBusDemo-AntBusDemoUITests-frameworks.sh\"\n";
			showEnvVarsInLog = 0;
		};
		FD334BA0E81563B85E830133 /* [CP] Check Pods Manifest.lock */ = {
			isa = PBXShellScriptBuildPhase;
			buildActionMask = 2147483647;
			files = (
			);
			inputFileListPaths = (
			);
			inputPaths = (
				"${PODS_PODFILE_DIR_PATH}/Podfile.lock",
				"${PODS_ROOT}/Manifest.lock",
			);
			name = "[CP] Check Pods Manifest.lock";
			outputFileListPaths = (
			);
			outputPaths = (
				"$(DERIVED_FILE_DIR)/Pods-AntBusDemoTests-checkManifestLockResult.txt",
			);
			runOnlyForDeploymentPostprocessing = 0;
			shellPath = /bin/sh;
			shellScript = "diff \"${PODS_PODFILE_DIR_PATH}/Podfile.lock\" \"${PODS_ROOT}/Manifest.lock\" > /dev/null\nif [ $? != 0 ] ; then\n    # print error to STDERR\n    echo \"error: The sandbox is not in sync with the Podfile.lock. Run 'pod install' or update your CocoaPods installation.\" >&2\n    exit 1\nfi\n# This output is used by Xcode 'outputs' to avoid re-running this script phase.\necho \"SUCCESS\" > \"${SCRIPT_OUTPUT_FILE_0}\"\n";
			showEnvVarsInLog = 0;
		};
/* End PBXShellScriptBuildPhase section */

/* Begin PBXSourcesBuildPhase section */
		184C8FEB27652D9D00EF906A /* Sources */ = {
			isa = PBXSourcesBuildPhase;
			buildActionMask = 2147483647;
			files = (
				184C8FF227652D9E00EF906A /* AntBusDemoUITests.swift in Sources */,
			);
			runOnlyForDeploymentPostprocessing = 0;
		};
		184C9035276530D500EF906A /* Sources */ = {
			isa = PBXSourcesBuildPhase;
			buildActionMask = 2147483647;
			files = (
				184C903C276530D500EF906A /* AntBusDemoTests.swift in Sources */,
			);
			runOnlyForDeploymentPostprocessing = 0;
		};
		633D4A7225FA657A002967DB /* Sources */ = {
			isa = PBXSourcesBuildPhase;
			buildActionMask = 2147483647;
			files = (
				1852C892271C009C0041DC68 /* Page3V1ViewController.swift in Sources */,
				633D4A9E25FA659A002967DB /* TabBarViewController.swift in Sources */,
				1852C885271BFE890041DC68 /* Page4Module.swift in Sources */,
				1852C888271BFEF40041DC68 /* Page4ViewController.swift in Sources */,
				633D4A7E25FA657A002967DB /* ViewController.swift in Sources */,
				1852C882271BFC220041DC68 /* IPage3Module.swift in Sources */,
				1852C88C271C007B0041DC68 /* Page3V2ViewController.swift in Sources */,
				1852C87F271BFB490041DC68 /* Page3_V2_Module.swift in Sources */,
				633D4A7A25FA657A002967DB /* AppDelegate.swift in Sources */,
				1852C87D271BFB070041DC68 /* Page3_V1_Module.swift in Sources */,
				633D4A9D25FA659A002967DB /* SecondPageViewController.swift in Sources */,
				633D4A9F25FA659A002967DB /* FirstPageViewController.swift in Sources */,
			);
			runOnlyForDeploymentPostprocessing = 0;
		};
/* End PBXSourcesBuildPhase section */

/* Begin PBXTargetDependency section */
		184C8FF527652D9E00EF906A /* PBXTargetDependency */ = {
			isa = PBXTargetDependency;
			target = 633D4A7525FA657A002967DB /* AntBusDemo */;
			targetProxy = 184C8FF427652D9E00EF906A /* PBXContainerItemProxy */;
		};
		184C903F276530D500EF906A /* PBXTargetDependency */ = {
			isa = PBXTargetDependency;
			target = 633D4A7525FA657A002967DB /* AntBusDemo */;
			targetProxy = 184C903E276530D500EF906A /* PBXContainerItemProxy */;
		};
/* End PBXTargetDependency section */

/* Begin PBXVariantGroup section */
		633D4A7F25FA657A002967DB /* Main.storyboard */ = {
			isa = PBXVariantGroup;
			children = (
				633D4A8025FA657A002967DB /* Base */,
			);
			name = Main.storyboard;
			sourceTree = "<group>";
		};
		633D4A8425FA657D002967DB /* LaunchScreen.storyboard */ = {
			isa = PBXVariantGroup;
			children = (
				633D4A8525FA657D002967DB /* Base */,
			);
			name = LaunchScreen.storyboard;
			sourceTree = "<group>";
		};
/* End PBXVariantGroup section */

/* Begin XCBuildConfiguration section */
		184C8FF627652D9E00EF906A /* Debug */ = {
			isa = XCBuildConfiguration;
			baseConfigurationReference = E45912BABEA2743921F8DF3D /* Pods-AntBusDemo-AntBusDemoUITests.debug.xcconfig */;
			buildSettings = {
				CODE_SIGN_STYLE = Automatic;
				DEVELOPMENT_TEAM = X77K95YFU8;
				INFOPLIST_FILE = AntBusDemoUITests/Info.plist;
				IPHONEOS_DEPLOYMENT_TARGET = 14.5;
				LD_RUNPATH_SEARCH_PATHS = (
					"$(inherited)",
					"@executable_path/Frameworks",
					"@loader_path/Frameworks",
				);
				PRODUCT_BUNDLE_IDENTIFIER = com.brownlee.AntBusDemoUITests;
				PRODUCT_NAME = "$(TARGET_NAME)";
				SWIFT_VERSION = 5.0;
				TARGETED_DEVICE_FAMILY = "1,2";
				TEST_TARGET_NAME = AntBusDemo;
			};
			name = Debug;
		};
		184C8FF727652D9E00EF906A /* Release */ = {
			isa = XCBuildConfiguration;
			baseConfigurationReference = C94371B8D866A487EA7A1F08 /* Pods-AntBusDemo-AntBusDemoUITests.release.xcconfig */;
			buildSettings = {
				CODE_SIGN_STYLE = Automatic;
				DEVELOPMENT_TEAM = X77K95YFU8;
				INFOPLIST_FILE = AntBusDemoUITests/Info.plist;
				IPHONEOS_DEPLOYMENT_TARGET = 14.5;
				LD_RUNPATH_SEARCH_PATHS = (
					"$(inherited)",
					"@executable_path/Frameworks",
					"@loader_path/Frameworks",
				);
				PRODUCT_BUNDLE_IDENTIFIER = com.brownlee.AntBusDemoUITests;
				PRODUCT_NAME = "$(TARGET_NAME)";
				SWIFT_VERSION = 5.0;
				TARGETED_DEVICE_FAMILY = "1,2";
				TEST_TARGET_NAME = AntBusDemo;
			};
			name = Release;
		};
		184C9041276530D500EF906A /* Debug */ = {
			isa = XCBuildConfiguration;
			baseConfigurationReference = 680AA6989FA887E169D0315F /* Pods-AntBusDemoTests.debug.xcconfig */;
			buildSettings = {
				BUNDLE_LOADER = "$(TEST_HOST)";
				CODE_SIGN_STYLE = Automatic;
				DEVELOPMENT_TEAM = X77K95YFU8;
				INFOPLIST_FILE = AntBusDemoTests/Info.plist;
				IPHONEOS_DEPLOYMENT_TARGET = 14.5;
				LD_RUNPATH_SEARCH_PATHS = (
					"$(inherited)",
					"@executable_path/Frameworks",
					"@loader_path/Frameworks",
				);
				PRODUCT_BUNDLE_IDENTIFIER = com.brownlee.AntBusDemoTests;
				PRODUCT_NAME = "$(TARGET_NAME)";
				SWIFT_VERSION = 5.0;
				TARGETED_DEVICE_FAMILY = "1,2";
				TEST_HOST = "$(BUILT_PRODUCTS_DIR)/AntBusDemo.app/AntBusDemo";
			};
			name = Debug;
		};
		184C9042276530D500EF906A /* Release */ = {
			isa = XCBuildConfiguration;
			baseConfigurationReference = DFF52F49FB3C3B17F0A71423 /* Pods-AntBusDemoTests.release.xcconfig */;
			buildSettings = {
				BUNDLE_LOADER = "$(TEST_HOST)";
				CODE_SIGN_STYLE = Automatic;
				DEVELOPMENT_TEAM = X77K95YFU8;
				INFOPLIST_FILE = AntBusDemoTests/Info.plist;
				IPHONEOS_DEPLOYMENT_TARGET = 14.5;
				LD_RUNPATH_SEARCH_PATHS = (
					"$(inherited)",
					"@executable_path/Frameworks",
					"@loader_path/Frameworks",
				);
				PRODUCT_BUNDLE_IDENTIFIER = com.brownlee.AntBusDemoTests;
				PRODUCT_NAME = "$(TARGET_NAME)";
				SWIFT_VERSION = 5.0;
				TARGETED_DEVICE_FAMILY = "1,2";
				TEST_HOST = "$(BUILT_PRODUCTS_DIR)/AntBusDemo.app/AntBusDemo";
			};
			name = Release;
		};
		633D4A8825FA657D002967DB /* Debug */ = {
			isa = XCBuildConfiguration;
			buildSettings = {
				ALWAYS_SEARCH_USER_PATHS = NO;
				CLANG_ANALYZER_NONNULL = YES;
				CLANG_ANALYZER_NUMBER_OBJECT_CONVERSION = YES_AGGRESSIVE;
				CLANG_CXX_LANGUAGE_STANDARD = "gnu++14";
				CLANG_CXX_LIBRARY = "libc++";
				CLANG_ENABLE_MODULES = YES;
				CLANG_ENABLE_OBJC_ARC = YES;
				CLANG_ENABLE_OBJC_WEAK = YES;
				CLANG_WARN_BLOCK_CAPTURE_AUTORELEASING = YES;
				CLANG_WARN_BOOL_CONVERSION = YES;
				CLANG_WARN_COMMA = YES;
				CLANG_WARN_CONSTANT_CONVERSION = YES;
				CLANG_WARN_DEPRECATED_OBJC_IMPLEMENTATIONS = YES;
				CLANG_WARN_DIRECT_OBJC_ISA_USAGE = YES_ERROR;
				CLANG_WARN_DOCUMENTATION_COMMENTS = YES;
				CLANG_WARN_EMPTY_BODY = YES;
				CLANG_WARN_ENUM_CONVERSION = YES;
				CLANG_WARN_INFINITE_RECURSION = YES;
				CLANG_WARN_INT_CONVERSION = YES;
				CLANG_WARN_NON_LITERAL_NULL_CONVERSION = YES;
				CLANG_WARN_OBJC_IMPLICIT_RETAIN_SELF = YES;
				CLANG_WARN_OBJC_LITERAL_CONVERSION = YES;
				CLANG_WARN_OBJC_ROOT_CLASS = YES_ERROR;
				CLANG_WARN_QUOTED_INCLUDE_IN_FRAMEWORK_HEADER = YES;
				CLANG_WARN_RANGE_LOOP_ANALYSIS = YES;
				CLANG_WARN_STRICT_PROTOTYPES = YES;
				CLANG_WARN_SUSPICIOUS_MOVE = YES;
				CLANG_WARN_UNGUARDED_AVAILABILITY = YES_AGGRESSIVE;
				CLANG_WARN_UNREACHABLE_CODE = YES;
				CLANG_WARN__DUPLICATE_METHOD_MATCH = YES;
				COPY_PHASE_STRIP = NO;
				DEBUG_INFORMATION_FORMAT = dwarf;
				ENABLE_STRICT_OBJC_MSGSEND = YES;
				ENABLE_TESTABILITY = YES;
				GCC_C_LANGUAGE_STANDARD = gnu11;
				GCC_DYNAMIC_NO_PIC = NO;
				GCC_NO_COMMON_BLOCKS = YES;
				GCC_OPTIMIZATION_LEVEL = 0;
				GCC_PREPROCESSOR_DEFINITIONS = (
					"DEBUG=1",
					"$(inherited)",
				);
				GCC_WARN_64_TO_32_BIT_CONVERSION = YES;
				GCC_WARN_ABOUT_RETURN_TYPE = YES_ERROR;
				GCC_WARN_UNDECLARED_SELECTOR = YES;
				GCC_WARN_UNINITIALIZED_AUTOS = YES_AGGRESSIVE;
				GCC_WARN_UNUSED_FUNCTION = YES;
				GCC_WARN_UNUSED_VARIABLE = YES;
				IPHONEOS_DEPLOYMENT_TARGET = 14.4;
				MTL_ENABLE_DEBUG_INFO = INCLUDE_SOURCE;
				MTL_FAST_MATH = YES;
				ONLY_ACTIVE_ARCH = YES;
				SDKROOT = iphoneos;
				SWIFT_ACTIVE_COMPILATION_CONDITIONS = DEBUG;
				SWIFT_OPTIMIZATION_LEVEL = "-Onone";
			};
			name = Debug;
		};
		633D4A8925FA657D002967DB /* Release */ = {
			isa = XCBuildConfiguration;
			buildSettings = {
				ALWAYS_SEARCH_USER_PATHS = NO;
				CLANG_ANALYZER_NONNULL = YES;
				CLANG_ANALYZER_NUMBER_OBJECT_CONVERSION = YES_AGGRESSIVE;
				CLANG_CXX_LANGUAGE_STANDARD = "gnu++14";
				CLANG_CXX_LIBRARY = "libc++";
				CLANG_ENABLE_MODULES = YES;
				CLANG_ENABLE_OBJC_ARC = YES;
				CLANG_ENABLE_OBJC_WEAK = YES;
				CLANG_WARN_BLOCK_CAPTURE_AUTORELEASING = YES;
				CLANG_WARN_BOOL_CONVERSION = YES;
				CLANG_WARN_COMMA = YES;
				CLANG_WARN_CONSTANT_CONVERSION = YES;
				CLANG_WARN_DEPRECATED_OBJC_IMPLEMENTATIONS = YES;
				CLANG_WARN_DIRECT_OBJC_ISA_USAGE = YES_ERROR;
				CLANG_WARN_DOCUMENTATION_COMMENTS = YES;
				CLANG_WARN_EMPTY_BODY = YES;
				CLANG_WARN_ENUM_CONVERSION = YES;
				CLANG_WARN_INFINITE_RECURSION = YES;
				CLANG_WARN_INT_CONVERSION = YES;
				CLANG_WARN_NON_LITERAL_NULL_CONVERSION = YES;
				CLANG_WARN_OBJC_IMPLICIT_RETAIN_SELF = YES;
				CLANG_WARN_OBJC_LITERAL_CONVERSION = YES;
				CLANG_WARN_OBJC_ROOT_CLASS = YES_ERROR;
				CLANG_WARN_QUOTED_INCLUDE_IN_FRAMEWORK_HEADER = YES;
				CLANG_WARN_RANGE_LOOP_ANALYSIS = YES;
				CLANG_WARN_STRICT_PROTOTYPES = YES;
				CLANG_WARN_SUSPICIOUS_MOVE = YES;
				CLANG_WARN_UNGUARDED_AVAILABILITY = YES_AGGRESSIVE;
				CLANG_WARN_UNREACHABLE_CODE = YES;
				CLANG_WARN__DUPLICATE_METHOD_MATCH = YES;
				COPY_PHASE_STRIP = NO;
				DEBUG_INFORMATION_FORMAT = "dwarf-with-dsym";
				ENABLE_NS_ASSERTIONS = NO;
				ENABLE_STRICT_OBJC_MSGSEND = YES;
				GCC_C_LANGUAGE_STANDARD = gnu11;
				GCC_NO_COMMON_BLOCKS = YES;
				GCC_WARN_64_TO_32_BIT_CONVERSION = YES;
				GCC_WARN_ABOUT_RETURN_TYPE = YES_ERROR;
				GCC_WARN_UNDECLARED_SELECTOR = YES;
				GCC_WARN_UNINITIALIZED_AUTOS = YES_AGGRESSIVE;
				GCC_WARN_UNUSED_FUNCTION = YES;
				GCC_WARN_UNUSED_VARIABLE = YES;
				IPHONEOS_DEPLOYMENT_TARGET = 14.4;
				MTL_ENABLE_DEBUG_INFO = NO;
				MTL_FAST_MATH = YES;
				SDKROOT = iphoneos;
				SWIFT_COMPILATION_MODE = wholemodule;
				SWIFT_OPTIMIZATION_LEVEL = "-O";
				VALIDATE_PRODUCT = YES;
			};
			name = Release;
		};
		633D4A8B25FA657D002967DB /* Debug */ = {
			isa = XCBuildConfiguration;
			baseConfigurationReference = 53AD38B7D0ADCE7B4030A40C /* Pods-AntBusDemo.debug.xcconfig */;
			buildSettings = {
				ASSETCATALOG_COMPILER_APPICON_NAME = AppIcon;
				ASSETCATALOG_COMPILER_GLOBAL_ACCENT_COLOR_NAME = AccentColor;
				CODE_SIGN_STYLE = Automatic;
				DEVELOPMENT_TEAM = X77K95YFU8;
				INFOPLIST_FILE = AntBusDemo/Info.plist;
				IPHONEOS_DEPLOYMENT_TARGET = 13.0;
				LD_RUNPATH_SEARCH_PATHS = (
					"$(inherited)",
					"@executable_path/Frameworks",
				);
				ONLY_ACTIVE_ARCH = YES;
				PRODUCT_BUNDLE_IDENTIFIER = com.brownlee.Demo.AntBusDemo2;
				PRODUCT_NAME = "$(TARGET_NAME)";
				SWIFT_VERSION = 5.0;
				TARGETED_DEVICE_FAMILY = "1,2";
			};
			name = Debug;
		};
		633D4A8C25FA657D002967DB /* Release */ = {
			isa = XCBuildConfiguration;
			baseConfigurationReference = CC8DC6849A78503D36F38B70 /* Pods-AntBusDemo.release.xcconfig */;
			buildSettings = {
				ASSETCATALOG_COMPILER_APPICON_NAME = AppIcon;
				ASSETCATALOG_COMPILER_GLOBAL_ACCENT_COLOR_NAME = AccentColor;
				CODE_SIGN_STYLE = Automatic;
				DEVELOPMENT_TEAM = X77K95YFU8;
				INFOPLIST_FILE = AntBusDemo/Info.plist;
				IPHONEOS_DEPLOYMENT_TARGET = 13.0;
				LD_RUNPATH_SEARCH_PATHS = (
					"$(inherited)",
					"@executable_path/Frameworks",
				);
				PRODUCT_BUNDLE_IDENTIFIER = com.brownlee.Demo.AntBusDemo2;
				PRODUCT_NAME = "$(TARGET_NAME)";
				SWIFT_VERSION = 5.0;
				TARGETED_DEVICE_FAMILY = "1,2";
			};
			name = Release;
		};
/* End XCBuildConfiguration section */

/* Begin XCConfigurationList section */
		184C8FF827652D9E00EF906A /* Build configuration list for PBXNativeTarget "AntBusDemoUITests" */ = {
			isa = XCConfigurationList;
			buildConfigurations = (
				184C8FF627652D9E00EF906A /* Debug */,
				184C8FF727652D9E00EF906A /* Release */,
			);
			defaultConfigurationIsVisible = 0;
			defaultConfigurationName = Release;
		};
		184C9040276530D500EF906A /* Build configuration list for PBXNativeTarget "AntBusDemoTests" */ = {
			isa = XCConfigurationList;
			buildConfigurations = (
				184C9041276530D500EF906A /* Debug */,
				184C9042276530D500EF906A /* Release */,
			);
			defaultConfigurationIsVisible = 0;
			defaultConfigurationName = Release;
		};
		633D4A7125FA657A002967DB /* Build configuration list for PBXProject "AntBusDemo" */ = {
			isa = XCConfigurationList;
			buildConfigurations = (
				633D4A8825FA657D002967DB /* Debug */,
				633D4A8925FA657D002967DB /* Release */,
			);
			defaultConfigurationIsVisible = 0;
			defaultConfigurationName = Release;
		};
		633D4A8A25FA657D002967DB /* Build configuration list for PBXNativeTarget "AntBusDemo" */ = {
			isa = XCConfigurationList;
			buildConfigurations = (
				633D4A8B25FA657D002967DB /* Debug */,
				633D4A8C25FA657D002967DB /* Release */,
			);
			defaultConfigurationIsVisible = 0;
			defaultConfigurationName = Release;
		};
/* End XCConfigurationList section */
	};
	rootObject = 633D4A6E25FA657A002967DB /* Project object */;
}
